
Microsoft Visual Studio Solution File, Format Version 12.00
# Visual Studio Version 17
VisualStudioVersion = 17.14.36811.4
MinimumVisualStudioVersion = 10.0.40219.1
Project("{FAE04EC0-301F-11D3-BF4B-00C04F79EFBC}") = "Windeck.Geschichtstour.Backend", "Windeck.Geschichtstour.Backend\Windeck.Geschichtstour.Backend.csproj", "{471D0EDE-802F-4B7F-8E27-27EE140A14C4}"
EndProject
Global
	GlobalSection(SolutionConfigurationPlatforms) = preSolution
		Debug|Any CPU = Debug|Any CPU
		Release|Any CPU = Release|Any CPU
	EndGlobalSection
	GlobalSection(ProjectConfigurationPlatforms) = postSolution
		{471D0EDE-802F-4B7F-8E27-27EE140A14C4}.Debug|Any CPU.ActiveCfg = Debug|Any CPU
		{471D0EDE-802F-4B7F-8E27-27EE140A14C4}.Debug|Any CPU.Build.0 = Debug|Any CPU
		{471D0EDE-802F-4B7F-8E27-27EE140A14C4}.Release|Any CPU.ActiveCfg = Release|Any CPU
		{471D0EDE-802F-4B7F-8E27-27EE140A14C4}.Release|Any CPU.Build.0 = Release|Any CPU
	EndGlobalSection
	GlobalSection(SolutionProperties) = preSolution
		HideSolutionNode = FALSE
	EndGlobalSection
	GlobalSection(ExtensibilityGlobals) = postSolution
		SolutionGuid = {4B900134-79F9-4F89-A804-F7A946EEEC16}
	EndGlobalSection
EndGlobal
